
Microsoft Visual Studio Solution File, Format Version 12.00
# Visual Studio Version 16
VisualStudioVersion = 16.0.30320.27
MinimumVisualStudioVersion = 10.0.40219.1
Project("{8BC9CEB8-8B4A-11D0-8D11-00A0C91BC942}") = "cudaLBMSCporous0927", "cudaLBMSCporous0927\cudaLBMSCporous0927.vcxproj", "{6C32D29B-7BD5-443F-AF70-5F90341AD094}"
EndProject
Global
	GlobalSection(SolutionConfigurationPlatforms) = preSolution
		Debug|x64 = Debug|x64
		Release|x64 = Release|x64
	EndGlobalSection
	GlobalSection(ProjectConfigurationPlatforms) = postSolution
		{6C32D29B-7BD5-443F-AF70-5F90341AD094}.Debug|x64.ActiveCfg = Debug|x64
		{6C32D29B-7BD5-443F-AF70-5F90341AD094}.Debug|x64.Build.0 = Debug|x64
		{6C32D29B-7BD5-443F-AF70-5F90341AD094}.Release|x64.ActiveCfg = Release|x64
		{6C32D29B-7BD5-443F-AF70-5F90341AD094}.Release|x64.Build.0 = Release|x64
	EndGlobalSection
	GlobalSection(SolutionProperties) = preSolution
		HideSolutionNode = FALSE
	EndGlobalSection
	GlobalSection(ExtensibilityGlobals) = postSolution
		SolutionGuid = {62B9FBE7-35A7-4D7B-9C5B-C3925310A4D8}
	EndGlobalSection
EndGlobal
